
Microsoft Visual Studio Solution File, Format Version 12.00
# Visual Studio 14
VisualStudioVersion = 14.0.25420.1
MinimumVisualStudioVersion = 10.0.40219.1
Project("{2150E333-8FDC-42A3-9474-1A3956D46DE8}") = "Artifacts", "Artifacts", "{DC93B4C6-C9A9-48DD-BDE1-7929348CB3E0}"
	ProjectSection(SolutionItems) = preProject
		Artifacts\Goals and Guidelines.txt = Artifacts\Goals and Guidelines.txt
		Artifacts\How To Build the Source Code.txt = Artifacts\How To Build the Source Code.txt
		Artifacts\How To Update Rx Using NuGet.txt = Artifacts\How To Update Rx Using NuGet.txt
	EndProjectSection
EndProject
Project("{2150E333-8FDC-42A3-9474-1A3956D46DE8}") = "Build", "Build", "{AE9594C3-3D8C-4CB0-88AB-E7DB358B98ED}"
	ProjectSection(SolutionItems) = preProject
		Build\Project.targets = Build\Project.targets
		Rxx.vssettings = Rxx.vssettings
		Build\RxxBuild.bat = Build\RxxBuild.bat
	EndProjectSection
EndProject
Project("{2150E333-8FDC-42A3-9474-1A3956D46DE8}") = "Testing", "Testing", "{7813925C-F1CD-4204-BD5B-8DBDC90D1685}"
EndProject
Project("{2150E333-8FDC-42A3-9474-1A3956D46DE8}") = "Units", "Units", "{F6F21A07-1E98-481E-AB39-D55340AB571B}"
EndProject
Project("{2150E333-8FDC-42A3-9474-1A3956D46DE8}") = "Labs", "Labs", "{C61969C1-533A-41ED-939B-F19C257536A2}"
EndProject
Project("{2150E333-8FDC-42A3-9474-1A3956D46DE8}") = "Source", "Source", "{6A01EF33-ABE6-4D18-9525-AFA78C664186}"
EndProject
Project("{2150E333-8FDC-42A3-9474-1A3956D46DE8}") = "Properties", "Properties", "{FBCF9F08-0D6A-4F61-9BA3-07F076168F0B}"
	ProjectSection(SolutionItems) = preProject
		Build\Properties\AssemblyInfoShared.cs = Build\Properties\AssemblyInfoShared.cs
		Build\Properties\CodeAnalysisDictionary.xml = Build\Properties\CodeAnalysisDictionary.xml
		Build\Properties\Rxx.ruleset = Build\Properties\Rxx.ruleset
		Settings.StyleCop = Settings.StyleCop
	EndProjectSection
EndProject
Project("{2150E333-8FDC-42A3-9474-1A3956D46DE8}") = "Snippets", "Snippets", "{2CB1BA08-9880-4705-A14B-D46DC2453071}"
	ProjectSection(SolutionItems) = preProject
		Build\Snippets\_Read Me.txt = Build\Snippets\_Read Me.txt
		Build\Snippets\layout.snippet = Build\Snippets\layout.snippet
	EndProjectSection
EndProject
Project("{2150E333-8FDC-42A3-9474-1A3956D46DE8}") = "Configuration", "Configuration", "{ACD2EB7F-24CC-478B-8699-04238179DD27}"
	ProjectSection(SolutionItems) = preProject
		Local.testsettings = Local.testsettings
		Rxx.vsmdi = Rxx.vsmdi
		TraceAndTestImpact.testsettings = TraceAndTestImpact.testsettings
	EndProjectSection
EndProject
Project("{FAE04EC0-301F-11D3-BF4B-00C04F79EFBC}") = "Rxx.UnitTests", "Testing\Rxx.UnitTests\Rxx.UnitTests.csproj", "{2B040F33-83C3-414E-B62C-894343171C09}"
EndProject
Project("{FAE04EC0-301F-11D3-BF4B-00C04F79EFBC}") = "Rxx.Labs", "Testing\Rxx.Labs\Rxx.Labs.csproj", "{EB68F9C7-42C9-4ABB-81E0-53F4836360A0}"
EndProject
Project("{2150E333-8FDC-42A3-9474-1A3956D46DE8}") = "Deployment", "Deployment", "{D81AB3E0-F9A2-4E2F-A593-61AB8CA5F218}"
	ProjectSection(SolutionItems) = preProject
		Deployment\Deployment Procedure.txt = Deployment\Deployment Procedure.txt
	EndProjectSection
EndProject
Project("{2150E333-8FDC-42A3-9474-1A3956D46DE8}") = "Documentation", "Documentation", "{04305E19-754E-48B1-A905-DC185F6F01B7}"
	ProjectSection(SolutionItems) = preProject
		Build\Documentation\Sandcastle Read Me.txt = Build\Documentation\Sandcastle Read Me.txt
	EndProjectSection
EndProject
Project("{2150E333-8FDC-42A3-9474-1A3956D46DE8}") = "Projects", "Projects", "{A77DADD0-8CB1-43E2-9907-635F590B0E13}"
	ProjectSection(SolutionItems) = preProject
		Build\Projects\Rxx.Bindings-Net40.targets = Build\Projects\Rxx.Bindings-Net40.targets
		Build\Projects\Rxx.Bindings-Net403-SL5-Win8-WP8.targets = Build\Projects\Rxx.Bindings-Net403-SL5-Win8-WP8.targets
		Build\Projects\Rxx.Bindings-Net451-Win81.targets = Build\Projects\Rxx.Bindings-Net451-Win81.targets
		Build\Projects\Rxx.Bindings-Net451.targets = Build\Projects\Rxx.Bindings-Net451.targets
		Build\Projects\Rxx.Bindings-Win81-WP81.targets = Build\Projects\Rxx.Bindings-Win81-WP81.targets
		Build\Projects\Rxx.Diagnostics-Net40.targets = Build\Projects\Rxx.Diagnostics-Net40.targets
		Build\Projects\Rxx.Diagnostics-Net451.targets = Build\Projects\Rxx.Diagnostics-Net451.targets
		Build\Projects\Rxx.Experimental-Net40.targets = Build\Projects\Rxx.Experimental-Net40.targets
		Build\Projects\Rxx.Experimental-Net403-SL5-Win8-WP8.targets = Build\Projects\Rxx.Experimental-Net403-SL5-Win8-WP8.targets
		Build\Projects\Rxx.Experimental-Net451-Win81.targets = Build\Projects\Rxx.Experimental-Net451-Win81.targets
		Build\Projects\Rxx.Experimental-Net451.targets = Build\Projects\Rxx.Experimental-Net451.targets
		Build\Projects\Rxx.Experimental-Win81-WP81.targets = Build\Projects\Rxx.Experimental-Win81-WP81.targets
		Build\Projects\Rxx.Labs.targets = Build\Projects\Rxx.Labs.targets
		Build\Projects\Rxx.Linq-Net40.targets = Build\Projects\Rxx.Linq-Net40.targets
		Build\Projects\Rxx.Linq-Net403-SL5-Win8-WP8.targets = Build\Projects\Rxx.Linq-Net403-SL5-Win8-WP8.targets
		Build\Projects\Rxx.Linq-Net451-Win81.targets = Build\Projects\Rxx.Linq-Net451-Win81.targets
		Build\Projects\Rxx.Linq-Net451.targets = Build\Projects\Rxx.Linq-Net451.targets
		Build\Projects\Rxx.Linq-Win81-WP81.targets = Build\Projects\Rxx.Linq-Win81-WP81.targets
		Build\Projects\Rxx.Parsers-Net40.targets = Build\Projects\Rxx.Parsers-Net40.targets
		Build\Projects\Rxx.Parsers-Net403-SL5-Win8-WP8.targets = Build\Projects\Rxx.Parsers-Net403-SL5-Win8-WP8.targets
		Build\Projects\Rxx.Parsers-Net451-Win81.targets = Build\Projects\Rxx.Parsers-Net451-Win81.targets
		Build\Projects\Rxx.Parsers-Net451.targets = Build\Projects\Rxx.Parsers-Net451.targets
		Build\Projects\Rxx.Parsers-Win81-WP81.targets = Build\Projects\Rxx.Parsers-Win81-WP81.targets
		Build\Projects\Rxx.Server-Net40.targets = Build\Projects\Rxx.Server-Net40.targets
		Build\Projects\Rxx.Server-Net451.targets = Build\Projects\Rxx.Server-Net451.targets
		Build\Projects\Rxx.UnitTests.targets = Build\Projects\Rxx.UnitTests.targets
	EndProjectSection
EndProject
Project("{2150E333-8FDC-42A3-9474-1A3956D46DE8}") = ".nuget", ".nuget", "{5B9350BE-4C1A-4CB6-BD49-CD0E6D0C6123}"
	ProjectSection(SolutionItems) = preProject
		.nuget\NuGet.Config = .nuget\NuGet.Config
		.nuget\NuGet.exe = .nuget\NuGet.exe
		.nuget\NuGet.targets = .nuget\NuGet.targets
	EndProjectSection
EndProject
Project("{FAE04EC0-301F-11D3-BF4B-00C04F79EFBC}") = "Rxx.Parsers-Net451", "Source\Rxx.Parsers-Net451\Rxx.Parsers-Net451.csproj", "{55C668AB-C93F-45E5-BC49-8ADF3AB5BF3A}"
	ProjectSection(ProjectDependencies) = postProject
		{145AA2E0-72DE-4AC0-BEEE-BC7C469249B2} = {145AA2E0-72DE-4AC0-BEEE-BC7C469249B2}
	EndProjectSection
EndProject
Project("{FAE04EC0-301F-11D3-BF4B-00C04F79EFBC}") = "Rxx.Bindings-Net451", "Source\Rxx.Bindings-Net451\Rxx.Bindings-Net451.csproj", "{145AA2E0-72DE-4AC0-BEEE-BC7C469249B2}"
EndProject
Project("{FAE04EC0-301F-11D3-BF4B-00C04F79EFBC}") = "Rxx.Diagnostics-Net451", "Source\Rxx.Diagnostics-Net451\Rxx.Diagnostics-Net451.csproj", "{8078A82A-F888-476D-83FE-395D2B4003C9}"
	ProjectSection(ProjectDependencies) = postProject
		{72156215-CA6C-4C2B-A9FE-DC519C1DACA9} = {72156215-CA6C-4C2B-A9FE-DC519C1DACA9}
		{145AA2E0-72DE-4AC0-BEEE-BC7C469249B2} = {145AA2E0-72DE-4AC0-BEEE-BC7C469249B2}
	EndProjectSection
EndProject
Project("{FAE04EC0-301F-11D3-BF4B-00C04F79EFBC}") = "Rxx.Server-Net451", "Source\Rxx.Server-Net451\Rxx.Server-Net451.csproj", "{EF881DAA-FBAB-40AF-9EF7-230D2914D0CE}"
	ProjectSection(ProjectDependencies) = postProject
		{72156215-CA6C-4C2B-A9FE-DC519C1DACA9} = {72156215-CA6C-4C2B-A9FE-DC519C1DACA9}
		{145AA2E0-72DE-4AC0-BEEE-BC7C469249B2} = {145AA2E0-72DE-4AC0-BEEE-BC7C469249B2}
	EndProjectSection
EndProject
Project("{FAE04EC0-301F-11D3-BF4B-00C04F79EFBC}") = "Rxx.Experimental-Net451", "Source\Rxx.Experimental-Net451\Rxx.Experimental-Net451.csproj", "{5C59CF0A-A0E1-4A74-A671-B70199085B1E}"
	ProjectSection(ProjectDependencies) = postProject
		{145AA2E0-72DE-4AC0-BEEE-BC7C469249B2} = {145AA2E0-72DE-4AC0-BEEE-BC7C469249B2}
	EndProjectSection
EndProject
Project("{FAE04EC0-301F-11D3-BF4B-00C04F79EFBC}") = "Rxx.Linq-Net451", "Source\Rxx.Linq-Net451\Rxx.Linq-Net451.csproj", "{72156215-CA6C-4C2B-A9FE-DC519C1DACA9}"
EndProject
Project("{FAE04EC0-301F-11D3-BF4B-00C04F79EFBC}") = "Rxx", "Source\Rxx\Rxx.csproj", "{BB21496A-6494-46B1-B6C3-DB9A22EB9BF3}"
	ProjectSection(ProjectDependencies) = postProject
		{5C59CF0A-A0E1-4A74-A671-B70199085B1E} = {5C59CF0A-A0E1-4A74-A671-B70199085B1E}
	EndProjectSection
EndProject
Project("{2150E333-8FDC-42A3-9474-1A3956D46DE8}") = "Net451", "Net451", "{17B26E2F-A849-402A-9001-611380AC9442}"
EndProject
Global
	GlobalSection(SolutionConfigurationPlatforms) = preSolution
		Analysis|Any CPU = Analysis|Any CPU
		Analysis|ARM = Analysis|ARM
		Analysis|x86 = Analysis|x86
		Debug|Any CPU = Debug|Any CPU
		Debug|ARM = Debug|ARM
		Debug|x86 = Debug|x86
		Profiling|Any CPU = Profiling|Any CPU
		Profiling|ARM = Profiling|ARM
		Profiling|x86 = Profiling|x86
		Release|Any CPU = Release|Any CPU
		Release|ARM = Release|ARM
		Release|x86 = Release|x86
	EndGlobalSection
	GlobalSection(ProjectConfigurationPlatforms) = postSolution
		{2B040F33-83C3-414E-B62C-894343171C09}.Analysis|Any CPU.ActiveCfg = Analysis|Any CPU
		{2B040F33-83C3-414E-B62C-894343171C09}.Analysis|Any CPU.Build.0 = Analysis|Any CPU
		{2B040F33-83C3-414E-B62C-894343171C09}.Analysis|ARM.ActiveCfg = Analysis|Any CPU
		{2B040F33-83C3-414E-B62C-894343171C09}.Analysis|x86.ActiveCfg = Analysis|Any CPU
		{2B040F33-83C3-414E-B62C-894343171C09}.Debug|Any CPU.ActiveCfg = Debug|Any CPU
		{2B040F33-83C3-414E-B62C-894343171C09}.Debug|Any CPU.Build.0 = Debug|Any CPU
		{2B040F33-83C3-414E-B62C-894343171C09}.Debug|ARM.ActiveCfg = Debug|Any CPU
		{2B040F33-83C3-414E-B62C-894343171C09}.Debug|x86.ActiveCfg = Debug|Any CPU
		{2B040F33-83C3-414E-B62C-894343171C09}.Profiling|Any CPU.ActiveCfg = Profiling|Any CPU
		{2B040F33-83C3-414E-B62C-894343171C09}.Profiling|Any CPU.Build.0 = Profiling|Any CPU
		{2B040F33-83C3-414E-B62C-894343171C09}.Profiling|ARM.ActiveCfg = Profiling|Any CPU
		{2B040F33-83C3-414E-B62C-894343171C09}.Profiling|x86.ActiveCfg = Profiling|Any CPU
		{2B040F33-83C3-414E-B62C-894343171C09}.Release|Any CPU.ActiveCfg = Release|Any CPU
		{2B040F33-83C3-414E-B62C-894343171C09}.Release|Any CPU.Build.0 = Release|Any CPU
		{2B040F33-83C3-414E-B62C-894343171C09}.Release|ARM.ActiveCfg = Release|Any CPU
		{2B040F33-83C3-414E-B62C-894343171C09}.Release|x86.ActiveCfg = Release|Any CPU
		{EB68F9C7-42C9-4ABB-81E0-53F4836360A0}.Analysis|Any CPU.ActiveCfg = Analysis|Any CPU
		{EB68F9C7-42C9-4ABB-81E0-53F4836360A0}.Analysis|Any CPU.Build.0 = Analysis|Any CPU
		{EB68F9C7-42C9-4ABB-81E0-53F4836360A0}.Analysis|ARM.ActiveCfg = Analysis|Any CPU
		{EB68F9C7-42C9-4ABB-81E0-53F4836360A0}.Analysis|x86.ActiveCfg = Analysis|Any CPU
		{EB68F9C7-42C9-4ABB-81E0-53F4836360A0}.Debug|Any CPU.ActiveCfg = Debug|Any CPU
		{EB68F9C7-42C9-4ABB-81E0-53F4836360A0}.Debug|Any CPU.Build.0 = Debug|Any CPU
		{EB68F9C7-42C9-4ABB-81E0-53F4836360A0}.Debug|ARM.ActiveCfg = Debug|Any CPU
		{EB68F9C7-42C9-4ABB-81E0-53F4836360A0}.Debug|x86.ActiveCfg = Debug|Any CPU
		{EB68F9C7-42C9-4ABB-81E0-53F4836360A0}.Profiling|Any CPU.ActiveCfg = Profiling|Any CPU
		{EB68F9C7-42C9-4ABB-81E0-53F4836360A0}.Profiling|Any CPU.Build.0 = Profiling|Any CPU
		{EB68F9C7-42C9-4ABB-81E0-53F4836360A0}.Profiling|ARM.ActiveCfg = Profiling|Any CPU
		{EB68F9C7-42C9-4ABB-81E0-53F4836360A0}.Profiling|x86.ActiveCfg = Profiling|Any CPU
		{EB68F9C7-42C9-4ABB-81E0-53F4836360A0}.Release|Any CPU.ActiveCfg = Release|Any CPU
		{EB68F9C7-42C9-4ABB-81E0-53F4836360A0}.Release|Any CPU.Build.0 = Release|Any CPU
		{EB68F9C7-42C9-4ABB-81E0-53F4836360A0}.Release|ARM.ActiveCfg = Release|Any CPU
		{EB68F9C7-42C9-4ABB-81E0-53F4836360A0}.Release|x86.ActiveCfg = Release|Any CPU
		{55C668AB-C93F-45E5-BC49-8ADF3AB5BF3A}.Analysis|Any CPU.ActiveCfg = Analysis|Any CPU
		{55C668AB-C93F-45E5-BC49-8ADF3AB5BF3A}.Analysis|Any CPU.Build.0 = Analysis|Any CPU
		{55C668AB-C93F-45E5-BC49-8ADF3AB5BF3A}.Analysis|ARM.ActiveCfg = Analysis|Any CPU
		{55C668AB-C93F-45E5-BC49-8ADF3AB5BF3A}.Analysis|x86.ActiveCfg = Analysis|Any CPU
		{55C668AB-C93F-45E5-BC49-8ADF3AB5BF3A}.Debug|Any CPU.ActiveCfg = Debug|Any CPU
		{55C668AB-C93F-45E5-BC49-8ADF3AB5BF3A}.Debug|Any CPU.Build.0 = Debug|Any CPU
		{55C668AB-C93F-45E5-BC49-8ADF3AB5BF3A}.Debug|ARM.ActiveCfg = Debug|Any CPU
		{55C668AB-C93F-45E5-BC49-8ADF3AB5BF3A}.Debug|x86.ActiveCfg = Debug|Any CPU
		{55C668AB-C93F-45E5-BC49-8ADF3AB5BF3A}.Profiling|Any CPU.ActiveCfg = Profiling|Any CPU
		{55C668AB-C93F-45E5-BC49-8ADF3AB5BF3A}.Profiling|Any CPU.Build.0 = Profiling|Any CPU
		{55C668AB-C93F-45E5-BC49-8ADF3AB5BF3A}.Profiling|ARM.ActiveCfg = Release|Any CPU
		{55C668AB-C93F-45E5-BC49-8ADF3AB5BF3A}.Profiling|x86.ActiveCfg = Release|Any CPU
		{55C668AB-C93F-45E5-BC49-8ADF3AB5BF3A}.Release|Any CPU.ActiveCfg = Release|Any CPU
		{55C668AB-C93F-45E5-BC49-8ADF3AB5BF3A}.Release|Any CPU.Build.0 = Release|Any CPU
		{55C668AB-C93F-45E5-BC49-8ADF3AB5BF3A}.Release|ARM.ActiveCfg = Release|Any CPU
		{55C668AB-C93F-45E5-BC49-8ADF3AB5BF3A}.Release|x86.ActiveCfg = Release|Any CPU
		{145AA2E0-72DE-4AC0-BEEE-BC7C469249B2}.Analysis|Any CPU.ActiveCfg = Analysis|Any CPU
		{145AA2E0-72DE-4AC0-BEEE-BC7C469249B2}.Analysis|Any CPU.Build.0 = Analysis|Any CPU
		{145AA2E0-72DE-4AC0-BEEE-BC7C469249B2}.Analysis|ARM.ActiveCfg = Analysis|Any CPU
		{145AA2E0-72DE-4AC0-BEEE-BC7C469249B2}.Analysis|x86.ActiveCfg = Analysis|Any CPU
		{145AA2E0-72DE-4AC0-BEEE-BC7C469249B2}.Debug|Any CPU.ActiveCfg = Debug|Any CPU
		{145AA2E0-72DE-4AC0-BEEE-BC7C469249B2}.Debug|Any CPU.Build.0 = Debug|Any CPU
		{145AA2E0-72DE-4AC0-BEEE-BC7C469249B2}.Debug|ARM.ActiveCfg = Debug|Any CPU
		{145AA2E0-72DE-4AC0-BEEE-BC7C469249B2}.Debug|x86.ActiveCfg = Debug|Any CPU
		{145AA2E0-72DE-4AC0-BEEE-BC7C469249B2}.Profiling|Any CPU.ActiveCfg = Profiling|Any CPU
		{145AA2E0-72DE-4AC0-BEEE-BC7C469249B2}.Profiling|Any CPU.Build.0 = Profiling|Any CPU
		{145AA2E0-72DE-4AC0-BEEE-BC7C469249B2}.Profiling|ARM.ActiveCfg = Release|Any CPU
		{145AA2E0-72DE-4AC0-BEEE-BC7C469249B2}.Profiling|x86.ActiveCfg = Release|Any CPU
		{145AA2E0-72DE-4AC0-BEEE-BC7C469249B2}.Release|Any CPU.ActiveCfg = Release|Any CPU
		{145AA2E0-72DE-4AC0-BEEE-BC7C469249B2}.Release|Any CPU.Build.0 = Release|Any CPU
		{145AA2E0-72DE-4AC0-BEEE-BC7C469249B2}.Release|ARM.ActiveCfg = Release|Any CPU
		{145AA2E0-72DE-4AC0-BEEE-BC7C469249B2}.Release|x86.ActiveCfg = Release|Any CPU
		{8078A82A-F888-476D-83FE-395D2B4003C9}.Analysis|Any CPU.ActiveCfg = Analysis|Any CPU
		{8078A82A-F888-476D-83FE-395D2B4003C9}.Analysis|Any CPU.Build.0 = Analysis|Any CPU
		{8078A82A-F888-476D-83FE-395D2B4003C9}.Analysis|ARM.ActiveCfg = Analysis|Any CPU
		{8078A82A-F888-476D-83FE-395D2B4003C9}.Analysis|x86.ActiveCfg = Analysis|Any CPU
		{8078A82A-F888-476D-83FE-395D2B4003C9}.Debug|Any CPU.ActiveCfg = Debug|Any CPU
		{8078A82A-F888-476D-83FE-395D2B4003C9}.Debug|Any CPU.Build.0 = Debug|Any CPU
		{8078A82A-F888-476D-83FE-395D2B4003C9}.Debug|ARM.ActiveCfg = Debug|Any CPU
		{8078A82A-F888-476D-83FE-395D2B4003C9}.Debug|x86.ActiveCfg = Debug|Any CPU
		{8078A82A-F888-476D-83FE-395D2B4003C9}.Profiling|Any CPU.ActiveCfg = Profiling|Any CPU
		{8078A82A-F888-476D-83FE-395D2B4003C9}.Profiling|Any CPU.Build.0 = Profiling|Any CPU
		{8078A82A-F888-476D-83FE-395D2B4003C9}.Profiling|ARM.ActiveCfg = Release|Any CPU
		{8078A82A-F888-476D-83FE-395D2B4003C9}.Profiling|x86.ActiveCfg = Release|Any CPU
		{8078A82A-F888-476D-83FE-395D2B4003C9}.Release|Any CPU.ActiveCfg = Release|Any CPU
		{8078A82A-F888-476D-83FE-395D2B4003C9}.Release|Any CPU.Build.0 = Release|Any CPU
		{8078A82A-F888-476D-83FE-395D2B4003C9}.Release|ARM.ActiveCfg = Release|Any CPU
		{8078A82A-F888-476D-83FE-395D2B4003C9}.Release|x86.ActiveCfg = Release|Any CPU
		{EF881DAA-FBAB-40AF-9EF7-230D2914D0CE}.Analysis|Any CPU.ActiveCfg = Analysis|Any CPU
		{EF881DAA-FBAB-40AF-9EF7-230D2914D0CE}.Analysis|Any CPU.Build.0 = Analysis|Any CPU
		{EF881DAA-FBAB-40AF-9EF7-230D2914D0CE}.Analysis|ARM.ActiveCfg = Analysis|Any CPU
		{EF881DAA-FBAB-40AF-9EF7-230D2914D0CE}.Analysis|x86.ActiveCfg = Analysis|Any CPU
		{EF881DAA-FBAB-40AF-9EF7-230D2914D0CE}.Debug|Any CPU.ActiveCfg = Debug|Any CPU
		{EF881DAA-FBAB-40AF-9EF7-230D2914D0CE}.Debug|Any CPU.Build.0 = Debug|Any CPU
		{EF881DAA-FBAB-40AF-9EF7-230D2914D0CE}.Debug|ARM.ActiveCfg = Debug|Any CPU
		{EF881DAA-FBAB-40AF-9EF7-230D2914D0CE}.Debug|x86.ActiveCfg = Debug|Any CPU
		{EF881DAA-FBAB-40AF-9EF7-230D2914D0CE}.Profiling|Any CPU.ActiveCfg = Profiling|Any CPU
		{EF881DAA-FBAB-40AF-9EF7-230D2914D0CE}.Profiling|Any CPU.Build.0 = Profiling|Any CPU
		{EF881DAA-FBAB-40AF-9EF7-230D2914D0CE}.Profiling|ARM.ActiveCfg = Release|Any CPU
		{EF881DAA-FBAB-40AF-9EF7-230D2914D0CE}.Profiling|x86.ActiveCfg = Release|Any CPU
		{EF881DAA-FBAB-40AF-9EF7-230D2914D0CE}.Release|Any CPU.ActiveCfg = Release|Any CPU
		{EF881DAA-FBAB-40AF-9EF7-230D2914D0CE}.Release|Any CPU.Build.0 = Release|Any CPU
		{EF881DAA-FBAB-40AF-9EF7-230D2914D0CE}.Release|ARM.ActiveCfg = Release|Any CPU
		{EF881DAA-FBAB-40AF-9EF7-230D2914D0CE}.Release|x86.ActiveCfg = Release|Any CPU
		{5C59CF0A-A0E1-4A74-A671-B70199085B1E}.Analysis|Any CPU.ActiveCfg = Analysis|Any CPU
		{5C59CF0A-A0E1-4A74-A671-B70199085B1E}.Analysis|Any CPU.Build.0 = Analysis|Any CPU
		{5C59CF0A-A0E1-4A74-A671-B70199085B1E}.Analysis|ARM.ActiveCfg = Analysis|Any CPU
		{5C59CF0A-A0E1-4A74-A671-B70199085B1E}.Analysis|x86.ActiveCfg = Analysis|Any CPU
		{5C59CF0A-A0E1-4A74-A671-B70199085B1E}.Debug|Any CPU.ActiveCfg = Debug|Any CPU
		{5C59CF0A-A0E1-4A74-A671-B70199085B1E}.Debug|Any CPU.Build.0 = Debug|Any CPU
		{5C59CF0A-A0E1-4A74-A671-B70199085B1E}.Debug|ARM.ActiveCfg = Debug|Any CPU
		{5C59CF0A-A0E1-4A74-A671-B70199085B1E}.Debug|x86.ActiveCfg = Debug|Any CPU
		{5C59CF0A-A0E1-4A74-A671-B70199085B1E}.Profiling|Any CPU.ActiveCfg = Profiling|Any CPU
		{5C59CF0A-A0E1-4A74-A671-B70199085B1E}.Profiling|Any CPU.Build.0 = Profiling|Any CPU
		{5C59CF0A-A0E1-4A74-A671-B70199085B1E}.Profiling|ARM.ActiveCfg = Release|Any CPU
		{5C59CF0A-A0E1-4A74-A671-B70199085B1E}.Profiling|x86.ActiveCfg = Release|Any CPU
		{5C59CF0A-A0E1-4A74-A671-B70199085B1E}.Release|Any CPU.ActiveCfg = Release|Any CPU
		{5C59CF0A-A0E1-4A74-A671-B70199085B1E}.Release|Any CPU.Build.0 = Release|Any CPU
		{5C59CF0A-A0E1-4A74-A671-B70199085B1E}.Release|ARM.ActiveCfg = Release|Any CPU
		{5C59CF0A-A0E1-4A74-A671-B70199085B1E}.Release|x86.ActiveCfg = Release|Any CPU
		{72156215-CA6C-4C2B-A9FE-DC519C1DACA9}.Analysis|Any CPU.ActiveCfg = Analysis|Any CPU
		{72156215-CA6C-4C2B-A9FE-DC519C1DACA9}.Analysis|Any CPU.Build.0 = Analysis|Any CPU
		{72156215-CA6C-4C2B-A9FE-DC519C1DACA9}.Analysis|ARM.ActiveCfg = Analysis|Any CPU
		{72156215-CA6C-4C2B-A9FE-DC519C1DACA9}.Analysis|x86.ActiveCfg = Analysis|Any CPU
		{72156215-CA6C-4C2B-A9FE-DC519C1DACA9}.Debug|Any CPU.ActiveCfg = Debug|Any CPU
		{72156215-CA6C-4C2B-A9FE-DC519C1DACA9}.Debug|Any CPU.Build.0 = Debug|Any CPU
		{72156215-CA6C-4C2B-A9FE-DC519C1DACA9}.Debug|ARM.ActiveCfg = Debug|Any CPU
		{72156215-CA6C-4C2B-A9FE-DC519C1DACA9}.Debug|x86.ActiveCfg = Debug|Any CPU
		{72156215-CA6C-4C2B-A9FE-DC519C1DACA9}.Profiling|Any CPU.ActiveCfg = Profiling|Any CPU
		{72156215-CA6C-4C2B-A9FE-DC519C1DACA9}.Profiling|Any CPU.Build.0 = Profiling|Any CPU
		{72156215-CA6C-4C2B-A9FE-DC519C1DACA9}.Profiling|ARM.ActiveCfg = Profiling|Any CPU
		{72156215-CA6C-4C2B-A9FE-DC519C1DACA9}.Profiling|x86.ActiveCfg = Profiling|Any CPU
		{72156215-CA6C-4C2B-A9FE-DC519C1DACA9}.Release|Any CPU.ActiveCfg = Release|Any CPU
		{72156215-CA6C-4C2B-A9FE-DC519C1DACA9}.Release|Any CPU.Build.0 = Release|Any CPU
		{72156215-CA6C-4C2B-A9FE-DC519C1DACA9}.Release|ARM.ActiveCfg = Release|Any CPU
		{72156215-CA6C-4C2B-A9FE-DC519C1DACA9}.Release|x86.ActiveCfg = Release|Any CPU
		{BB21496A-6494-46B1-B6C3-DB9A22EB9BF3}.Analysis|Any CPU.ActiveCfg = Release|Any CPU
		{BB21496A-6494-46B1-B6C3-DB9A22EB9BF3}.Analysis|Any CPU.Build.0 = Release|Any CPU
		{BB21496A-6494-46B1-B6C3-DB9A22EB9BF3}.Analysis|ARM.ActiveCfg = Release|Any CPU
		{BB21496A-6494-46B1-B6C3-DB9A22EB9BF3}.Analysis|x86.ActiveCfg = Release|Any CPU
		{BB21496A-6494-46B1-B6C3-DB9A22EB9BF3}.Debug|Any CPU.ActiveCfg = Debug|Any CPU
		{BB21496A-6494-46B1-B6C3-DB9A22EB9BF3}.Debug|Any CPU.Build.0 = Debug|Any CPU
		{BB21496A-6494-46B1-B6C3-DB9A22EB9BF3}.Debug|ARM.ActiveCfg = Debug|Any CPU
		{BB21496A-6494-46B1-B6C3-DB9A22EB9BF3}.Debug|x86.ActiveCfg = Debug|Any CPU
		{BB21496A-6494-46B1-B6C3-DB9A22EB9BF3}.Profiling|Any CPU.ActiveCfg = Release|Any CPU
		{BB21496A-6494-46B1-B6C3-DB9A22EB9BF3}.Profiling|Any CPU.Build.0 = Release|Any CPU
		{BB21496A-6494-46B1-B6C3-DB9A22EB9BF3}.Profiling|ARM.ActiveCfg = Release|Any CPU
		{BB21496A-6494-46B1-B6C3-DB9A22EB9BF3}.Profiling|x86.ActiveCfg = Release|Any CPU
		{BB21496A-6494-46B1-B6C3-DB9A22EB9BF3}.Release|Any CPU.ActiveCfg = Release|Any CPU
		{BB21496A-6494-46B1-B6C3-DB9A22EB9BF3}.Release|Any CPU.Build.0 = Release|Any CPU
		{BB21496A-6494-46B1-B6C3-DB9A22EB9BF3}.Release|ARM.ActiveCfg = Release|Any CPU
		{BB21496A-6494-46B1-B6C3-DB9A22EB9BF3}.Release|x86.ActiveCfg = Release|Any CPU
	EndGlobalSection
	GlobalSection(SolutionProperties) = preSolution
		HideSolutionNode = FALSE
	EndGlobalSection
	GlobalSection(NestedProjects) = preSolution
		{F6F21A07-1E98-481E-AB39-D55340AB571B} = {7813925C-F1CD-4204-BD5B-8DBDC90D1685}
		{C61969C1-533A-41ED-939B-F19C257536A2} = {7813925C-F1CD-4204-BD5B-8DBDC90D1685}
		{FBCF9F08-0D6A-4F61-9BA3-07F076168F0B} = {AE9594C3-3D8C-4CB0-88AB-E7DB358B98ED}
		{2CB1BA08-9880-4705-A14B-D46DC2453071} = {AE9594C3-3D8C-4CB0-88AB-E7DB358B98ED}
		{ACD2EB7F-24CC-478B-8699-04238179DD27} = {F6F21A07-1E98-481E-AB39-D55340AB571B}
		{2B040F33-83C3-414E-B62C-894343171C09} = {F6F21A07-1E98-481E-AB39-D55340AB571B}
		{EB68F9C7-42C9-4ABB-81E0-53F4836360A0} = {C61969C1-533A-41ED-939B-F19C257536A2}
		{04305E19-754E-48B1-A905-DC185F6F01B7} = {AE9594C3-3D8C-4CB0-88AB-E7DB358B98ED}
		{A77DADD0-8CB1-43E2-9907-635F590B0E13} = {AE9594C3-3D8C-4CB0-88AB-E7DB358B98ED}
		{5B9350BE-4C1A-4CB6-BD49-CD0E6D0C6123} = {AE9594C3-3D8C-4CB0-88AB-E7DB358B98ED}
		{55C668AB-C93F-45E5-BC49-8ADF3AB5BF3A} = {17B26E2F-A849-402A-9001-611380AC9442}
		{145AA2E0-72DE-4AC0-BEEE-BC7C469249B2} = {17B26E2F-A849-402A-9001-611380AC9442}
		{8078A82A-F888-476D-83FE-395D2B4003C9} = {17B26E2F-A849-402A-9001-611380AC9442}
		{EF881DAA-FBAB-40AF-9EF7-230D2914D0CE} = {17B26E2F-A849-402A-9001-611380AC9442}
		{5C59CF0A-A0E1-4A74-A671-B70199085B1E} = {17B26E2F-A849-402A-9001-611380AC9442}
		{72156215-CA6C-4C2B-A9FE-DC519C1DACA9} = {17B26E2F-A849-402A-9001-611380AC9442}
		{BB21496A-6494-46B1-B6C3-DB9A22EB9BF3} = {6A01EF33-ABE6-4D18-9525-AFA78C664186}
		{17B26E2F-A849-402A-9001-611380AC9442} = {6A01EF33-ABE6-4D18-9525-AFA78C664186}
	EndGlobalSection
EndGlobal
